version = 1
requires-python = ">=3.12"
resolution-markers = [
    "python_full_version < '3.13'",
    "python_full_version >= '3.13'",
]

[[package]]
name = "aiosqlite"
version = "0.20.0"
source = { registry = "https://pypi.org/simple" }
dependencies = [
    { name = "typing-extensions" },
]
sdist = { url = "https://files.pythonhosted.org/packages/0d/3a/22ff5415bf4d296c1e92b07fd746ad42c96781f13295a074d58e77747848/aiosqlite-0.20.0.tar.gz", hash = "sha256:6d35c8c256637f4672f843c31021464090805bf925385ac39473fb16eaaca3d7", size = 21691 }
wheels = [
    { url = "https://files.pythonhosted.org/packages/00/c4/c93eb22025a2de6b83263dfe3d7df2e19138e345bca6f18dba7394120930/aiosqlite-0.20.0-py3-none-any.whl", hash = "sha256:36a1deaca0cac40ebe32aac9977a6e2bbc7f5189f23f4a54d5908986729e5bd6", size = 15564 },
]

[[package]]
name = "annotated-types"
version = "0.7.0"
source = { registry = "https://pypi.org/simple" }
sdist = { url = "https://files.pythonhosted.org/packages/ee/67/531ea369ba64dcff5ec9c3402f9f51bf748cec26dde048a2f973a4eea7f5/annotated_types-0.7.0.tar.gz", hash = "sha256:aff07c09a53a08bc8cfccb9c85b05f1aa9a2a6f23728d790723543408344ce89", size = 16081 }
wheels = [
    { url = "https://files.pythonhosted.org/packages/78/b6/6307fbef88d9b5ee7421e68d78a9f162e0da4900bc5f5793f6d3d0e34fb8/annotated_types-0.7.0-py3-none-any.whl", hash = "sha256:1f02e8b43a8fbbc3f3e0d4f0f4bfc8131bcb4eebe8849b8e5c773f3a1c582a53", size = 13643 },
]

[[package]]
name = "anyio"
version = "4.6.2.post1"
source = { registry = "https://pypi.org/simple" }
dependencies = [
    { name = "idna" },
    { name = "sniffio" },
]
sdist = { url = "https://files.pythonhosted.org/packages/9f/09/45b9b7a6d4e45c6bcb5bf61d19e3ab87df68e0601fa8c5293de3542546cc/anyio-4.6.2.post1.tar.gz", hash = "sha256:4c8bc31ccdb51c7f7bd251f51c609e038d63e34219b44aa86e47576389880b4c", size = 173422 }
wheels = [
    { url = "https://files.pythonhosted.org/packages/e4/f5/f2b75d2fc6f1a260f340f0e7c6a060f4dd2961cc16884ed851b0d18da06a/anyio-4.6.2.post1-py3-none-any.whl", hash = "sha256:6d170c36fba3bdd840c73d3868c1e777e33676a69c3a72cf0a0d5d6d8009b61d", size = 90377 },
]

[[package]]
name = "certifi"
version = "2024.8.30"
source = { registry = "https://pypi.org/simple" }
sdist = { url = "https://files.pythonhosted.org/packages/b0/ee/9b19140fe824b367c04c5e1b369942dd754c4c5462d5674002f75c4dedc1/certifi-2024.8.30.tar.gz", hash = "sha256:bec941d2aa8195e248a60b31ff9f0558284cf01a52591ceda73ea9afffd69fd9", size = 168507 }
wheels = [
    { url = "https://files.pythonhosted.org/packages/12/90/3c9ff0512038035f59d279fddeb79f5f1eccd8859f06d6163c58798b9487/certifi-2024.8.30-py3-none-any.whl", hash = "sha256:922820b53db7a7257ffbda3f597266d435245903d80737e34f8a45ff3e3230d8", size = 167321 },
]

[[package]]
name = "colorama"
version = "0.4.6"
source = { registry = "https://pypi.org/simple" }
sdist = { url = "https://files.pythonhosted.org/packages/d8/53/6f443c9a4a8358a93a6792e2acffb9d9d5cb0a5cfd8802644b7b1c9a02e4/colorama-0.4.6.tar.gz", hash = "sha256:08695f5cb7ed6e0531a20572697297273c47b8cae5a63ffc6d6ed5c201be6e44", size = 27697 }
wheels = [
    { url = "https://files.pythonhosted.org/packages/d1/d6/3965ed04c63042e047cb6a3e6ed1a63a35087b6a609aa3a15ed8ac56c221/colorama-0.4.6-py2.py3-none-any.whl", hash = "sha256:4f1d9991f5acc0ca119f9d443620b77f9d6b33703e51011c16baf57afb285fc6", size = 25335 },
]

[[package]]
name = "construct"
version = "2.10.68"
source = { registry = "https://pypi.org/simple" }
sdist = { url = "https://files.pythonhosted.org/packages/e0/b7/a4a032e94bcfdff481f2e6fecd472794d9da09f474a2185ed33b2c7cad64/construct-2.10.68.tar.gz", hash = "sha256:7b2a3fd8e5f597a5aa1d614c3bd516fa065db01704c72a1efaaeec6ef23d8b45", size = 57856 }

[[package]]
name = "construct-typing"
version = "0.5.6"
source = { registry = "https://pypi.org/simple" }
dependencies = [
    { name = "construct" },
]
sdist = { url = "https://files.pythonhosted.org/packages/42/5f/89f8e4fc17ea96ef9af66aa4818e00c4fb84c289c4c6879df411d11f15a4/construct-typing-0.5.6.tar.gz", hash = "sha256:0dc501351cd6b308f15ec54e5fe7c0fbc07cc1530a1b77b4303062a0a93c1297", size = 22716 }
wheels = [
    { url = "https://files.pythonhosted.org/packages/3e/c5/d68c7b7e5e2875d199b49f86f9fda2b18a58ff0a835f608cb664bbc3a53e/construct_typing-0.5.6-py3-none-any.whl", hash = "sha256:39c948329e880564e33521cba497b21b07967c465b9c9037d6334e2cffa1ced9", size = 24098 },
]

[[package]]
name = "cyberchipped"
version = "2.1.0"
source = { registry = "https://pypi.org/simple" }
dependencies = [
    { name = "aiosqlite" },
    { name = "motor" },
    { name = "openai" },
    { name = "pydantic" },
]
sdist = { url = "https://files.pythonhosted.org/packages/1c/b9/ec6300b019f824233601b5d091e249ac7c87fc5eb881f8e9db0cb0442ac7/cyberchipped-2.1.0.tar.gz", hash = "sha256:85fa8a710e20ebc63a589c809146ffaf84d833a723834300c6169aa08f68d57d", size = 5348 }
wheels = [
    { url = "https://files.pythonhosted.org/packages/30/c4/23006cba0be0f263372977ba13f09ba8a9d7c83ce66635de90d31faead66/cyberchipped-2.1.0-py3-none-any.whl", hash = "sha256:3683293f59bbaa37cb23c48e6c986b5fd7990ce1edd0ccd41604e7b56facfe5c", size = 5908 },
]

[[package]]
name = "distro"
version = "1.9.0"
source = { registry = "https://pypi.org/simple" }
sdist = { url = "https://files.pythonhosted.org/packages/fc/f8/98eea607f65de6527f8a2e8885fc8015d3e6f5775df186e443e0964a11c3/distro-1.9.0.tar.gz", hash = "sha256:2fa77c6fd8940f116ee1d6b94a2f90b13b5ea8d019b98bc8bafdcabcdd9bdbed", size = 60722 }
wheels = [
    { url = "https://files.pythonhosted.org/packages/12/b3/231ffd4ab1fc9d679809f356cebee130ac7daa00d6d6f3206dd4fd137e9e/distro-1.9.0-py3-none-any.whl", hash = "sha256:7bffd925d65168f85027d8da9af6bddab658135b840670a223589bc0c8ef02b2", size = 20277 },
]

[[package]]
name = "dnspython"
version = "2.7.0"
source = { registry = "https://pypi.org/simple" }
sdist = { url = "https://files.pythonhosted.org/packages/b5/4a/263763cb2ba3816dd94b08ad3a33d5fdae34ecb856678773cc40a3605829/dnspython-2.7.0.tar.gz", hash = "sha256:ce9c432eda0dc91cf618a5cedf1a4e142651196bbcd2c80e89ed5a907e5cfaf1", size = 345197 }
wheels = [
    { url = "https://files.pythonhosted.org/packages/68/1b/e0a87d256e40e8c888847551b20a017a6b98139178505dc7ffb96f04e954/dnspython-2.7.0-py3-none-any.whl", hash = "sha256:b4c34b7d10b51bcc3a5071e7b8dee77939f1e878477eeecc965e9835f63c6c86", size = 313632 },
]

[[package]]
name = "h11"
version = "0.14.0"
source = { registry = "https://pypi.org/simple" }
sdist = { url = "https://files.pythonhosted.org/packages/f5/38/3af3d3633a34a3316095b39c8e8fb4853a28a536e55d347bd8d8e9a14b03/h11-0.14.0.tar.gz", hash = "sha256:8f19fbbe99e72420ff35c00b27a34cb9937e902a8b810e2c88300c6f0a3b699d", size = 100418 }
wheels = [
    { url = "https://files.pythonhosted.org/packages/95/04/ff642e65ad6b90db43e668d70ffb6736436c7ce41fcc549f4e9472234127/h11-0.14.0-py3-none-any.whl", hash = "sha256:e3fe4ac4b851c468cc8363d500db52c2ead036020723024a109d37346efaa761", size = 58259 },
]

[[package]]
name = "httpcore"
version = "1.0.6"
source = { registry = "https://pypi.org/simple" }
dependencies = [
    { name = "certifi" },
    { name = "h11" },
]
sdist = { url = "https://files.pythonhosted.org/packages/b6/44/ed0fa6a17845fb033bd885c03e842f08c1b9406c86a2e60ac1ae1b9206a6/httpcore-1.0.6.tar.gz", hash = "sha256:73f6dbd6eb8c21bbf7ef8efad555481853f5f6acdeaff1edb0694289269ee17f", size = 85180 }
wheels = [
    { url = "https://files.pythonhosted.org/packages/06/89/b161908e2f51be56568184aeb4a880fd287178d176fd1c860d2217f41106/httpcore-1.0.6-py3-none-any.whl", hash = "sha256:27b59625743b85577a8c0e10e55b50b5368a4f2cfe8cc7bcfa9cf00829c2682f", size = 78011 },
]

[[package]]
name = "httpx"
version = "0.27.2"
source = { registry = "https://pypi.org/simple" }
dependencies = [
    { name = "anyio" },
    { name = "certifi" },
    { name = "httpcore" },
    { name = "idna" },
    { name = "sniffio" },
]
sdist = { url = "https://files.pythonhosted.org/packages/78/82/08f8c936781f67d9e6b9eeb8a0c8b4e406136ea4c3d1f89a5db71d42e0e6/httpx-0.27.2.tar.gz", hash = "sha256:f7c2be1d2f3c3c3160d441802406b206c2b76f5947b11115e6df10c6c65e66c2", size = 144189 }
wheels = [
    { url = "https://files.pythonhosted.org/packages/56/95/9377bcb415797e44274b51d46e3249eba641711cf3348050f76ee7b15ffc/httpx-0.27.2-py3-none-any.whl", hash = "sha256:7bb2708e112d8fdd7829cd4243970f0c223274051cb35ee80c03301ee29a3df0", size = 76395 },
]

[[package]]
name = "idna"
version = "3.10"
source = { registry = "https://pypi.org/simple" }
sdist = { url = "https://files.pythonhosted.org/packages/f1/70/7703c29685631f5a7590aa73f1f1d3fa9a380e654b86af429e0934a32f7d/idna-3.10.tar.gz", hash = "sha256:12f65c9b470abda6dc35cf8e63cc574b1c52b11df2c86030af0ac09b01b13ea9", size = 190490 }
wheels = [
    { url = "https://files.pythonhosted.org/packages/76/c6/c88e154df9c4e1a2a66ccf0005a88dfb2650c1dffb6f5ce603dfbd452ce3/idna-3.10-py3-none-any.whl", hash = "sha256:946d195a0d259cbba61165e88e65941f16e9b36ea6ddb97f00452bae8b1287d3", size = 70442 },
]

[[package]]
name = "jiter"
version = "0.7.0"
source = { registry = "https://pypi.org/simple" }
sdist = { url = "https://files.pythonhosted.org/packages/ac/3d/4ca1c6b8d1d15ea747da474891f9879c0f0777e2e44e87c0be81657ed016/jiter-0.7.0.tar.gz", hash = "sha256:c061d9738535497b5509f8970584f20de1e900806b239a39a9994fc191dad630", size = 162154 }
wheels = [
    { url = "https://files.pythonhosted.org/packages/d9/7b/ed881a65e8f0989913408643b68a3a0913365c5c3884e85bae01a9679dd5/jiter-0.7.0-cp312-cp312-macosx_10_12_x86_64.whl", hash = "sha256:ac7930bcaaeb1e229e35c91c04ed2e9f39025b86ee9fc3141706bbf6fff4aeeb", size = 292762 },
    { url = "https://files.pythonhosted.org/packages/d8/44/d0409912bc28508abffd99b9d55baba869592c1d27f9ee1cc035ef62371e/jiter-0.7.0-cp312-cp312-macosx_11_0_arm64.whl", hash = "sha256:571feae3e7c901a8eedde9fd2865b0dfc1432fb15cab8c675a8444f7d11b7c5d", size = 302790 },
    { url = "https://files.pythonhosted.org/packages/8d/4f/38d0e87c8863c1b1f2dbac48acca8da85f6931a7b735e7163781843170a5/jiter-0.7.0-cp312-cp312-manylinux_2_17_aarch64.manylinux2014_aarch64.whl", hash = "sha256:a8af4df8a262fa2778b68c2a03b6e9d1cb4d43d02bea6976d46be77a3a331af1", size = 329246 },
    { url = "https://files.pythonhosted.org/packages/88/3c/1af75094cbeba25df672b3f772dc717203be843e08248a0e03ef0ca382bc/jiter-0.7.0-cp312-cp312-manylinux_2_17_armv7l.manylinux2014_armv7l.whl", hash = "sha256:bd028d4165097a611eb0c7494d8c1f2aebd46f73ca3200f02a175a9c9a6f22f5", size = 347808 },
    { url = "https://files.pythonhosted.org/packages/0b/74/55f00ca01223665e1418bec76cdeebb17a5f9ffae94e886da5c9bef5abd2/jiter-0.7.0-cp312-cp312-manylinux_2_17_ppc64le.manylinux2014_ppc64le.whl", hash = "sha256:c6b487247c7836810091e9455efe56a52ec51bfa3a222237e1587d04d3e04527", size = 374011 },
    { url = "https://files.pythonhosted.org/packages/f7/ae/c1c892861796aa0adb720da75c59de5dbcf74ad51243c2aeea46681dcb16/jiter-0.7.0-cp312-cp312-manylinux_2_17_s390x.manylinux2014_s390x.whl", hash = "sha256:e6d28a92f28814e1a9f2824dc11f4e17e1df1f44dc4fdeb94c5450d34bcb2602", size = 388863 },
    { url = "https://files.pythonhosted.org/packages/9d/a2/914587a68cba16920b1f979267a4e5c19f6977cac8fb8a6fbbd00035d0ed/jiter-0.7.0-cp312-cp312-manylinux_2_17_x86_64.manylinux2014_x86_64.whl", hash = "sha256:90443994bbafe134f0b34201dad3ebe1c769f0599004084e046fb249ad912425", size = 326765 },
    { url = "https://files.pythonhosted.org/packages/c8/ea/79abc48a6c9ba9ee3ccb0c194ec4cc1dd62e523c7c7003189380d00e5f16/jiter-0.7.0-cp312-cp312-manylinux_2_5_i686.manylinux1_i686.whl", hash = "sha256:f9abf464f9faac652542ce8360cea8e68fba2b78350e8a170248f9bcc228702a", size = 367756 },
    { url = "https://files.pythonhosted.org/packages/4b/eb/ddc874819382081f9ad71cf681ee76450b17ac981f78a8db6408e7e28f34/jiter-0.7.0-cp312-cp312-musllinux_1_1_aarch64.whl", hash = "sha256:db7a8d99fc5f842f7d2852f06ccaed066532292c41723e5dff670c339b649f88", size = 515349 },
    { url = "https://files.pythonhosted.org/packages/af/9d/816d2d7f19070b72cf0133437cbacf99a9202f6fbbc2cfa2111fb686b0e0/jiter-0.7.0-cp312-cp312-musllinux_1_1_x86_64.whl", hash = "sha256:15cf691ebd8693b70c94627d6b748f01e6d697d9a6e9f2bc310934fcfb7cf25e", size = 498050 },
    { url = "https://files.pythonhosted.org/packages/3e/a5/d0afb758c02d2d3c8ac3214a5be26579594d790944eaee7a47af06915e0e/jiter-0.7.0-cp312-none-win32.whl", hash = "sha256:9dcd54fa422fb66ca398bec296fed5f58e756aa0589496011cfea2abb5be38a5", size = 198912 },
    { url = "https://files.pythonhosted.org/packages/d0/8e/80b2afd0391a3530966d8fc2f9c104955ba41093b3c319ae40b25e68e323/jiter-0.7.0-cp312-none-win_amd64.whl", hash = "sha256:cc989951f73f9375b8eacd571baaa057f3d7d11b7ce6f67b9d54642e7475bfad", size = 199942 },
    { url = "https://files.pythonhosted.org/packages/50/bb/82c7180dc126687ddcc25386727b3a1688ab8eff496afe7838b69886fcc7/jiter-0.7.0-cp313-cp313-macosx_10_12_x86_64.whl", hash = "sha256:24cecd18df540963cd27c08ca5ce1d0179f229ff78066d9eecbe5add29361340", size = 292624 },
    { url = "https://files.pythonhosted.org/packages/11/c2/3b6d4596eab2ff81ebfe5bab779f457433cc2ffb8a2d1d6ab5ac187f26f6/jiter-0.7.0-cp313-cp313-macosx_11_0_arm64.whl", hash = "sha256:d41b46236b90b043cca73785674c23d2a67d16f226394079d0953f94e765ed76", size = 304723 },
    { url = "https://files.pythonhosted.org/packages/49/65/56f78dfccfb22e43815cad4a468b4360f8cfebecc024edb5e2a625b83a04/jiter-0.7.0-cp313-cp313-manylinux_2_17_aarch64.manylinux2014_aarch64.whl", hash = "sha256:b160db0987171365c153e406a45dcab0ee613ae3508a77bfff42515cb4ce4d6e", size = 328319 },
    { url = "https://files.pythonhosted.org/packages/fd/f2/9e3ed9ac0b122dd65250fc83cd0f0979da82f055ef6041411191f6301284/jiter-0.7.0-cp313-cp313-manylinux_2_17_armv7l.manylinux2014_armv7l.whl", hash = "sha256:d1c8d91e0f0bd78602eaa081332e8ee4f512c000716f5bc54e9a037306d693a7", size = 347323 },
    { url = "https://files.pythonhosted.org/packages/42/18/24517f9f8575daf36fdac9dd53fcecde3d4c5bdd9f7b97a55e26ed2555b5/jiter-0.7.0-cp313-cp313-manylinux_2_17_ppc64le.manylinux2014_ppc64le.whl", hash = "sha256:997706c683195eeff192d2e5285ce64d2a610414f37da3a3f2625dcf8517cf90", size = 374073 },
    { url = "https://files.pythonhosted.org/packages/a1/b1/b368ccdeff3eabb4b293a21a94317a6f717ecc5bfbfca4eecd12ff39da3f/jiter-0.7.0-cp313-cp313-manylinux_2_17_s390x.manylinux2014_s390x.whl", hash = "sha256:7ea52a8a0ff0229ab2920284079becd2bae0688d432fca94857ece83bb49c541", size = 388224 },
    { url = "https://files.pythonhosted.org/packages/92/1e/cc3d0655bcbc026e4b7746cb1ccab10d6eb2c29ffa64e574072db4d55f73/jiter-0.7.0-cp313-cp313-manylinux_2_17_x86_64.manylinux2014_x86_64.whl", hash = "sha256:6d77449d2738cf74752bb35d75ee431af457e741124d1db5e112890023572c7c", size = 326145 },
    { url = "https://files.pythonhosted.org/packages/bb/24/d410c732326738d4f392689621ff14e10d3717efe7de9ecb97c44d8765a3/jiter-0.7.0-cp313-cp313-manylinux_2_5_i686.manylinux1_i686.whl", hash = "sha256:a8203519907a1d81d6cb00902c98e27c2d0bf25ce0323c50ca594d30f5f1fbcf", size = 366857 },
    { url = "https://files.pythonhosted.org/packages/14/a1/53df95b8248968936e7ba9eb5839918e3cfd183e56356d2961b9b29a49fc/jiter-0.7.0-cp313-cp313-musllinux_1_1_aarch64.whl", hash = "sha256:41d15ccc53931c822dd7f1aebf09faa3cda2d7b48a76ef304c7dbc19d1302e51", size = 514972 },
    { url = "https://files.pythonhosted.org/packages/97/c8/1876add533606ff1204450dd2564638cac7f164ff90844cb921cdf25cf68/jiter-0.7.0-cp313-cp313-musllinux_1_1_x86_64.whl", hash = "sha256:febf3179b2fabf71fbd2fd52acb8594163bb173348b388649567a548f356dbf6", size = 497728 },
    { url = "https://files.pythonhosted.org/packages/94/31/1e59f246e264414b004864b63783e54aa3397be88f53dda3b01db3ae4251/jiter-0.7.0-cp313-none-win32.whl", hash = "sha256:4a8e2d866e7eda19f012444e01b55079d8e1c4c30346aaac4b97e80c54e2d6d3", size = 198660 },
    { url = "https://files.pythonhosted.org/packages/ca/96/58b3d260e212add0087563672931b1176e70bef1225839a4470ec66157a5/jiter-0.7.0-cp313-none-win_amd64.whl", hash = "sha256:7417c2b928062c496f381fb0cb50412eee5ad1d8b53dbc0e011ce45bb2de522c", size = 199305 },
]

[[package]]
name = "jsonalias"
version = "0.1.1"
source = { registry = "https://pypi.org/simple" }
sdist = { url = "https://files.pythonhosted.org/packages/ec/45/ee7e17002cb7f3264f755ff6a1a72c55d1830e07808d643167d2a2277c4f/jsonalias-0.1.1.tar.gz", hash = "sha256:64f04d935397d579fc94509e1fcb6212f2d081235d9d6395bd10baedf760a769", size = 1095 }
wheels = [
    { url = "https://files.pythonhosted.org/packages/41/ed/05aebce69f78c104feff2ffcdd5a6f9d668a208aba3a8bf56e3750809fd8/jsonalias-0.1.1-py3-none-any.whl", hash = "sha256:a56d2888e6397812c606156504e861e8ec00e188005af149f003c787db3d3f18", size = 1312 },
]

[[package]]
name = "motor"
version = "3.6.0"
source = { registry = "https://pypi.org/simple" }
dependencies = [
    { name = "pymongo" },
]
sdist = { url = "https://files.pythonhosted.org/packages/6a/d1/06af0527fd02d49b203db70dba462e47275a3c1094f830fdaf090f0cb20c/motor-3.6.0.tar.gz", hash = "sha256:0ef7f520213e852bf0eac306adf631aabe849227d8aec900a2612512fb9c5b8d", size = 278447 }
wheels = [
    { url = "https://files.pythonhosted.org/packages/b4/c2/bba4dce0dc56e49d95c270c79c9330ed19e6b71a2a633aecf53e7e1f04c9/motor-3.6.0-py3-none-any.whl", hash = "sha256:9f07ed96f1754963d4386944e1b52d403a5350c687edc60da487d66f98dbf894", size = 74802 },
]

[[package]]
name = "openai"
version = "1.53.0"
source = { registry = "https://pypi.org/simple" }
dependencies = [
    { name = "anyio" },
    { name = "distro" },
    { name = "httpx" },
    { name = "jiter" },
    { name = "pydantic" },
    { name = "sniffio" },
    { name = "tqdm" },
    { name = "typing-extensions" },
]
sdist = { url = "https://files.pythonhosted.org/packages/83/fc/77552f9ddd40ac32fe44c591c5a0918a050aea6ce62a3f22fc7d8fe0359a/openai-1.53.0.tar.gz", hash = "sha256:be2c4e77721b166cce8130e544178b7d579f751b4b074ffbaade3854b6f85ec5", size = 310497 }
wheels = [
    { url = "https://files.pythonhosted.org/packages/85/6f/b32b84d031c7f31b3f32c95c2a9b5ca441b254131a6c982a3dac73d3fffd/openai-1.53.0-py3-none-any.whl", hash = "sha256:20f408c32fc5cb66e60c6882c994cdca580a5648e10045cd840734194f033418", size = 387077 },
]

[[package]]
name = "pydantic"
version = "2.9.2"
source = { registry = "https://pypi.org/simple" }
dependencies = [
    { name = "annotated-types" },
    { name = "pydantic-core" },
    { name = "typing-extensions" },
]
sdist = { url = "https://files.pythonhosted.org/packages/a9/b7/d9e3f12af310e1120c21603644a1cd86f59060e040ec5c3a80b8f05fae30/pydantic-2.9.2.tar.gz", hash = "sha256:d155cef71265d1e9807ed1c32b4c8deec042a44a50a4188b25ac67ecd81a9c0f", size = 769917 }
wheels = [
    { url = "https://files.pythonhosted.org/packages/df/e4/ba44652d562cbf0bf320e0f3810206149c8a4e99cdbf66da82e97ab53a15/pydantic-2.9.2-py3-none-any.whl", hash = "sha256:f048cec7b26778210e28a0459867920654d48e5e62db0958433636cde4254f12", size = 434928 },
]

[[package]]
name = "pydantic-core"
version = "2.23.4"
source = { registry = "https://pypi.org/simple" }
dependencies = [
    { name = "typing-extensions" },
]
sdist = { url = "https://files.pythonhosted.org/packages/e2/aa/6b6a9b9f8537b872f552ddd46dd3da230367754b6f707b8e1e963f515ea3/pydantic_core-2.23.4.tar.gz", hash = "sha256:2584f7cf844ac4d970fba483a717dbe10c1c1c96a969bf65d61ffe94df1b2863", size = 402156 }
wheels = [
    { url = "https://files.pythonhosted.org/packages/74/7b/8e315f80666194b354966ec84b7d567da77ad927ed6323db4006cf915f3f/pydantic_core-2.23.4-cp312-cp312-macosx_10_12_x86_64.whl", hash = "sha256:f3e0da4ebaef65158d4dfd7d3678aad692f7666877df0002b8a522cdf088f231", size = 1856459 },
    { url = "https://files.pythonhosted.org/packages/14/de/866bdce10ed808323d437612aca1ec9971b981e1c52e5e42ad9b8e17a6f6/pydantic_core-2.23.4-cp312-cp312-macosx_11_0_arm64.whl", hash = "sha256:f69a8e0b033b747bb3e36a44e7732f0c99f7edd5cea723d45bc0d6e95377ffee", size = 1770007 },
    { url = "https://files.pythonhosted.org/packages/dc/69/8edd5c3cd48bb833a3f7ef9b81d7666ccddd3c9a635225214e044b6e8281/pydantic_core-2.23.4-cp312-cp312-manylinux_2_17_aarch64.manylinux2014_aarch64.whl", hash = "sha256:723314c1d51722ab28bfcd5240d858512ffd3116449c557a1336cbe3919beb87", size = 1790245 },
    { url = "https://files.pythonhosted.org/packages/80/33/9c24334e3af796ce80d2274940aae38dd4e5676298b4398eff103a79e02d/pydantic_core-2.23.4-cp312-cp312-manylinux_2_17_armv7l.manylinux2014_armv7l.whl", hash = "sha256:bb2802e667b7051a1bebbfe93684841cc9351004e2badbd6411bf357ab8d5ac8", size = 1801260 },
    { url = "https://files.pythonhosted.org/packages/a5/6f/e9567fd90104b79b101ca9d120219644d3314962caa7948dd8b965e9f83e/pydantic_core-2.23.4-cp312-cp312-manylinux_2_17_ppc64le.manylinux2014_ppc64le.whl", hash = "sha256:d18ca8148bebe1b0a382a27a8ee60350091a6ddaf475fa05ef50dc35b5df6327", size = 1996872 },
    { url = "https://files.pythonhosted.org/packages/2d/ad/b5f0fe9e6cfee915dd144edbd10b6e9c9c9c9d7a56b69256d124b8ac682e/pydantic_core-2.23.4-cp312-cp312-manylinux_2_17_s390x.manylinux2014_s390x.whl", hash = "sha256:33e3d65a85a2a4a0dc3b092b938a4062b1a05f3a9abde65ea93b233bca0e03f2", size = 2661617 },
    { url = "https://files.pythonhosted.org/packages/06/c8/7d4b708f8d05a5cbfda3243aad468052c6e99de7d0937c9146c24d9f12e9/pydantic_core-2.23.4-cp312-cp312-manylinux_2_17_x86_64.manylinux2014_x86_64.whl", hash = "sha256:128585782e5bfa515c590ccee4b727fb76925dd04a98864182b22e89a4e6ed36", size = 2071831 },
    { url = "https://files.pythonhosted.org/packages/89/4d/3079d00c47f22c9a9a8220db088b309ad6e600a73d7a69473e3a8e5e3ea3/pydantic_core-2.23.4-cp312-cp312-manylinux_2_5_i686.manylinux1_i686.whl", hash = "sha256:68665f4c17edcceecc112dfed5dbe6f92261fb9d6054b47d01bf6371a6196126", size = 1917453 },
    { url = "https://files.pythonhosted.org/packages/e9/88/9df5b7ce880a4703fcc2d76c8c2d8eb9f861f79d0c56f4b8f5f2607ccec8/pydantic_core-2.23.4-cp312-cp312-musllinux_1_1_aarch64.whl", hash = "sha256:20152074317d9bed6b7a95ade3b7d6054845d70584216160860425f4fbd5ee9e", size = 1968793 },
    { url = "https://files.pythonhosted.org/packages/e3/b9/41f7efe80f6ce2ed3ee3c2dcfe10ab7adc1172f778cc9659509a79518c43/pydantic_core-2.23.4-cp312-cp312-musllinux_1_1_x86_64.whl", hash = "sha256:9261d3ce84fa1d38ed649c3638feefeae23d32ba9182963e465d58d62203bd24", size = 2116872 },
    { url = "https://files.pythonhosted.org/packages/63/08/b59b7a92e03dd25554b0436554bf23e7c29abae7cce4b1c459cd92746811/pydantic_core-2.23.4-cp312-none-win32.whl", hash = "sha256:4ba762ed58e8d68657fc1281e9bb72e1c3e79cc5d464be146e260c541ec12d84", size = 1738535 },
    { url = "https://files.pythonhosted.org/packages/88/8d/479293e4d39ab409747926eec4329de5b7129beaedc3786eca070605d07f/pydantic_core-2.23.4-cp312-none-win_amd64.whl", hash = "sha256:97df63000f4fea395b2824da80e169731088656d1818a11b95f3b173747b6cd9", size = 1917992 },
    { url = "https://files.pythonhosted.org/packages/ad/ef/16ee2df472bf0e419b6bc68c05bf0145c49247a1095e85cee1463c6a44a1/pydantic_core-2.23.4-cp313-cp313-macosx_10_12_x86_64.whl", hash = "sha256:7530e201d10d7d14abce4fb54cfe5b94a0aefc87da539d0346a484ead376c3cc", size = 1856143 },
    { url = "https://files.pythonhosted.org/packages/da/fa/bc3dbb83605669a34a93308e297ab22be82dfb9dcf88c6cf4b4f264e0a42/pydantic_core-2.23.4-cp313-cp313-macosx_11_0_arm64.whl", hash = "sha256:df933278128ea1cd77772673c73954e53a1c95a4fdf41eef97c2b779271bd0bd", size = 1770063 },
    { url = "https://files.pythonhosted.org/packages/4e/48/e813f3bbd257a712303ebdf55c8dc46f9589ec74b384c9f652597df3288d/pydantic_core-2.23.4-cp313-cp313-manylinux_2_17_aarch64.manylinux2014_aarch64.whl", hash = "sha256:0cb3da3fd1b6a5d0279a01877713dbda118a2a4fc6f0d821a57da2e464793f05", size = 1790013 },
    { url = "https://files.pythonhosted.org/packages/b4/e0/56eda3a37929a1d297fcab1966db8c339023bcca0b64c5a84896db3fcc5c/pydantic_core-2.23.4-cp313-cp313-manylinux_2_17_armv7l.manylinux2014_armv7l.whl", hash = "sha256:42c6dcb030aefb668a2b7009c85b27f90e51e6a3b4d5c9bc4c57631292015b0d", size = 1801077 },
    { url = "https://files.pythonhosted.org/packages/04/be/5e49376769bfbf82486da6c5c1683b891809365c20d7c7e52792ce4c71f3/pydantic_core-2.23.4-cp313-cp313-manylinux_2_17_ppc64le.manylinux2014_ppc64le.whl", hash = "sha256:696dd8d674d6ce621ab9d45b205df149399e4bb9aa34102c970b721554828510", size = 1996782 },
    { url = "https://files.pythonhosted.org/packages/bc/24/e3ee6c04f1d58cc15f37bcc62f32c7478ff55142b7b3e6d42ea374ea427c/pydantic_core-2.23.4-cp313-cp313-manylinux_2_17_s390x.manylinux2014_s390x.whl", hash = "sha256:2971bb5ffe72cc0f555c13e19b23c85b654dd2a8f7ab493c262071377bfce9f6", size = 2661375 },
    { url = "https://files.pythonhosted.org/packages/c1/f8/11a9006de4e89d016b8de74ebb1db727dc100608bb1e6bbe9d56a3cbbcce/pydantic_core-2.23.4-cp313-cp313-manylinux_2_17_x86_64.manylinux2014_x86_64.whl", hash = "sha256:8394d940e5d400d04cad4f75c0598665cbb81aecefaca82ca85bd28264af7f9b", size = 2071635 },
    { url = "https://files.pythonhosted.org/packages/7c/45/bdce5779b59f468bdf262a5bc9eecbae87f271c51aef628d8c073b4b4b4c/pydantic_core-2.23.4-cp313-cp313-manylinux_2_5_i686.manylinux1_i686.whl", hash = "sha256:0dff76e0602ca7d4cdaacc1ac4c005e0ce0dcfe095d5b5259163a80d3a10d327", size = 1916994 },
    { url = "https://files.pythonhosted.org/packages/d8/fa/c648308fe711ee1f88192cad6026ab4f925396d1293e8356de7e55be89b5/pydantic_core-2.23.4-cp313-cp313-musllinux_1_1_aarch64.whl", hash = "sha256:7d32706badfe136888bdea71c0def994644e09fff0bfe47441deaed8e96fdbc6", size = 1968877 },
    { url = "https://files.pythonhosted.org/packages/16/16/b805c74b35607d24d37103007f899abc4880923b04929547ae68d478b7f4/pydantic_core-2.23.4-cp313-cp313-musllinux_1_1_x86_64.whl", hash = "sha256:ed541d70698978a20eb63d8c5d72f2cc6d7079d9d90f6b50bad07826f1320f5f", size = 2116814 },
    { url = "https://files.pythonhosted.org/packages/d1/58/5305e723d9fcdf1c5a655e6a4cc2a07128bf644ff4b1d98daf7a9dbf57da/pydantic_core-2.23.4-cp313-none-win32.whl", hash = "sha256:3d5639516376dce1940ea36edf408c554475369f5da2abd45d44621cb616f769", size = 1738360 },
    { url = "https://files.pythonhosted.org/packages/a5/ae/e14b0ff8b3f48e02394d8acd911376b7b66e164535687ef7dc24ea03072f/pydantic_core-2.23.4-cp313-none-win_amd64.whl", hash = "sha256:5a1504ad17ba4210df3a045132a7baeeba5a200e930f57512ee02909fc5c4cb5", size = 1919411 },
]

[[package]]
name = "pymongo"
version = "4.9.2"
source = { registry = "https://pypi.org/simple" }
dependencies = [
    { name = "dnspython" },
]
sdist = { url = "https://files.pythonhosted.org/packages/fb/43/d5e8993bd43e6f9cbe985e8ae1398eb73309e88694ac2ea618eacbc9cea2/pymongo-4.9.2.tar.gz", hash = "sha256:3e63535946f5df7848307b9031aa921f82bb0cbe45f9b0c3296f2173f9283eb0", size = 1889366 }
wheels = [
    { url = "https://files.pythonhosted.org/packages/a1/08/7d95aab0463dc5a2c460a0b4e50a45a743afbe20986f47f87a9a88f43c0c/pymongo-4.9.2-cp312-cp312-macosx_10_13_x86_64.whl", hash = "sha256:8083bbe8cb10bb33dca4d93f8223dd8d848215250bb73867374650bac5fe69e1", size = 941617 },
    { url = "https://files.pythonhosted.org/packages/bb/28/40613d8d97fc33bf2b9187446a6746925623aa04a9a27c9b058e97076f7a/pymongo-4.9.2-cp312-cp312-macosx_11_0_arm64.whl", hash = "sha256:a1b8c636bf557c7166e3799bbf1120806ca39e3f06615b141c88d9c9ceae4d8c", size = 941394 },
    { url = "https://files.pythonhosted.org/packages/df/b2/7f1a0d75f538c0dcaa004ea69e28706fa3ca72d848e0a5a7dafd30939fff/pymongo-4.9.2-cp312-cp312-manylinux_2_17_aarch64.manylinux2014_aarch64.whl", hash = "sha256:8aac5dce28454f47576063fbad31ea9789bba67cab86c95788f97aafd810e65b", size = 1907396 },
    { url = "https://files.pythonhosted.org/packages/ba/70/9304bae47a361a4b12adb5be714bad41478c0e5bc3d6cf403b328d6398a0/pymongo-4.9.2-cp312-cp312-manylinux_2_17_ppc64le.manylinux2014_ppc64le.whl", hash = "sha256:d1d5e7123af1fddf15b2b53e58f20bf5242884e671bcc3860f5e954fe13aeddd", size = 1986029 },
    { url = "https://files.pythonhosted.org/packages/ae/51/ac0378d001995c4a705da64a4a2b8e1732f95de5080b752d69f452930cc7/pymongo-4.9.2-cp312-cp312-manylinux_2_17_s390x.manylinux2014_s390x.whl", hash = "sha256:fe97c847b56d61e533a7af0334193d6b28375b9189effce93129c7e4733794a9", size = 1949088 },
    { url = "https://files.pythonhosted.org/packages/1a/30/e93dc808039dc29fc47acee64f128aa650aacae3e4b57b68e01ff1001cda/pymongo-4.9.2-cp312-cp312-manylinux_2_17_x86_64.manylinux2014_x86_64.whl", hash = "sha256:96ad54433a996e2d1985a9cd8fc82538ca8747c95caae2daf453600cc8c317f9", size = 1910516 },
    { url = "https://files.pythonhosted.org/packages/2b/34/895b9cad3bd5342d5ab51a853ed3a814840ce281d55c6928968e9f3f49f5/pymongo-4.9.2-cp312-cp312-manylinux_2_5_i686.manylinux1_i686.manylinux_2_17_i686.manylinux2014_i686.whl", hash = "sha256:98b9cade40f5b13e04492a42ae215c3721099be1014ddfe0fbd23f27e4f62c0c", size = 1860499 },
    { url = "https://files.pythonhosted.org/packages/24/7e/167818f324bf2122d45551680671a3c6406a345d3fcace4e737f57bda4e4/pymongo-4.9.2-cp312-cp312-win32.whl", hash = "sha256:dde6068ae7c62ea8ee2c5701f78c6a75618cada7e11f03893687df87709558de", size = 901282 },
    { url = "https://files.pythonhosted.org/packages/12/6b/b7ffa7114177fc1c60ae529512b82629ff7e25d19be88e97f2d0ddd16717/pymongo-4.9.2-cp312-cp312-win_amd64.whl", hash = "sha256:e1ab6cd7cd2d38ffc7ccdc79fdc166c7a91a63f844a96e3e6b2079c054391c68", size = 924925 },
    { url = "https://files.pythonhosted.org/packages/5b/d6/b57ef5f376e2e171218a98b8c30dfd001aa5cac6338aa7f3ca76e6315667/pymongo-4.9.2-cp313-cp313-macosx_10_13_x86_64.whl", hash = "sha256:1ad79d6a74f439a068caf9a1e2daeabc20bf895263435484bbd49e90fbea7809", size = 995233 },
    { url = "https://files.pythonhosted.org/packages/32/80/4ec79e36e99f86a063d297a334883fb5115ad70e9af46142b8dc33f636fa/pymongo-4.9.2-cp313-cp313-macosx_11_0_arm64.whl", hash = "sha256:877699e21703717507cbbea23e75b419f81a513b50b65531e1698df08b2d7094", size = 995025 },
    { url = "https://files.pythonhosted.org/packages/c4/fd/8f5464321fdf165700f10aec93b07a75c3537be593291ac2f8c8f5f69bd0/pymongo-4.9.2-cp313-cp313-manylinux_2_17_aarch64.manylinux2014_aarch64.whl", hash = "sha256:bc9322ce7cf116458a637ac10517b0c5926a8211202be6dbdc51dab4d4a9afc8", size = 2167429 },
    { url = "https://files.pythonhosted.org/packages/da/42/0f749d805d17f5b17f48f2ee1aaf2a74e67939607b87b245e5ec9b4c1452/pymongo-4.9.2-cp313-cp313-manylinux_2_17_ppc64le.manylinux2014_ppc64le.whl", hash = "sha256:cca029f46acf475504eedb33c7839f030c4bc4f946dcba12d9a954cc48850b79", size = 2258834 },
    { url = "https://files.pythonhosted.org/packages/b8/52/b0c1b8e9cbeae234dd1108a906f30b680755533b7229f9f645d7e7adad25/pymongo-4.9.2-cp313-cp313-manylinux_2_17_s390x.manylinux2014_s390x.whl", hash = "sha256:2c8c861e77527eec5a4b7363c16030dd0374670b620b08a5300f97594bbf5a40", size = 2216412 },
    { url = "https://files.pythonhosted.org/packages/4d/20/53395473a1023bb6a670b68fbfa937664c75b354c2444463075ff43523e2/pymongo-4.9.2-cp313-cp313-manylinux_2_17_x86_64.manylinux2014_x86_64.whl", hash = "sha256:1fc70326ae71b3c7b8d6af82f46bb71dafdba3c8f335b29382ae9cf263ef3a5c", size = 2168891 },
    { url = "https://files.pythonhosted.org/packages/01/b7/fa4030279d8a4a9c0a969a719b6b89da8a59795b5cdf129ef553fce6d1f2/pymongo-4.9.2-cp313-cp313-manylinux_2_5_i686.manylinux1_i686.manylinux_2_17_i686.manylinux2014_i686.whl", hash = "sha256:ba9d2f6df977fee24437f82f7412460b0628cd6b961c4235c9cff71577a5b61f", size = 2109380 },
    { url = "https://files.pythonhosted.org/packages/f3/55/f252972a039fc6bfca748625c5080d6f88801eb61f118fe79cde47342d6a/pymongo-4.9.2-cp313-cp313-win32.whl", hash = "sha256:b3254769e708bc4aa634745c262081d13c841a80038eff3afd15631540a1d227", size = 946962 },
    { url = "https://files.pythonhosted.org/packages/7b/36/88d8438699ba09b714dece00a4a7462330c1d316f5eaa28db450572236f6/pymongo-4.9.2-cp313-cp313-win_amd64.whl", hash = "sha256:169b85728cc17800344ba17d736375f400ef47c9fbb4c42910c4b3e7c0247382", size = 975113 },
]

[[package]]
name = "sniffio"
version = "1.3.1"
source = { registry = "https://pypi.org/simple" }
sdist = { url = "https://files.pythonhosted.org/packages/a2/87/a6771e1546d97e7e041b6ae58d80074f81b7d5121207425c964ddf5cfdbd/sniffio-1.3.1.tar.gz", hash = "sha256:f4324edc670a0f49750a81b895f35c3adb843cca46f0530f79fc1babb23789dc", size = 20372 }
wheels = [
    { url = "https://files.pythonhosted.org/packages/e9/44/75a9c9421471a6c4805dbf2356f7c181a29c1879239abab1ea2cc8f38b40/sniffio-1.3.1-py3-none-any.whl", hash = "sha256:2f6da418d1f1e0fddd844478f41680e794e6051915791a034ff65e5f100525a2", size = 10235 },
]

[[package]]
name = "solana"
version = "0.35.0"
source = { registry = "https://pypi.org/simple" }
dependencies = [
    { name = "construct-typing" },
    { name = "httpx" },
    { name = "solders" },
    { name = "typing-extensions" },
    { name = "websockets" },
]
sdist = { url = "https://files.pythonhosted.org/packages/b1/50/319215e2bb24a06925519f010ed424639bde67bee5eeafb03d7ee4ce46e1/solana-0.35.0.tar.gz", hash = "sha256:d73bab0c449671d0a779fff7f0df86c6c3f002d07af3610ba596f2c32d6a41d9", size = 56443 }
wheels = [
    { url = "https://files.pythonhosted.org/packages/34/63/93bf0779dd093503ac1b3da6d6c6493f804397e110bd9b06dfbf859345aa/solana-0.35.0-py3-none-any.whl", hash = "sha256:a1822d6d2f3ae0b7a56e69cc0a0396caf1d2e915f9dd5030aea18689de6892c1", size = 66608 },
]

[[package]]
name = "solana-swarm"
version = "0.0.1"
source = { virtual = "." }
dependencies = [
    { name = "cyberchipped" },
    { name = "solana" },
    { name = "solders" },
]

[package.metadata]
requires-dist = [
    { name = "cyberchipped", specifier = ">=2.1.0" },
    { name = "solana", specifier = ">=0.35.0" },
    { name = "solders", specifier = ">=0.21.0" },
]

[[package]]
name = "solders"
version = "0.21.0"
source = { registry = "https://pypi.org/simple" }
dependencies = [
    { name = "jsonalias" },
    { name = "typing-extensions" },
]
sdist = { url = "https://files.pythonhosted.org/packages/e8/bc/5c6f78e403854ebff50d86c3ec4b8fe1240777b3c8f6d94d1f1f85c479c4/solders-0.21.0.tar.gz", hash = "sha256:a228c09b690f215acb01c55e17246efdfdb7c013f7332b057ecd0499363868ad", size = 178894 }
wheels = [
    { url = "https://files.pythonhosted.org/packages/82/3a/80a252eccbd468a07a89747c9aa55c06f5897131e19722523946673422a4/solders-0.21.0-cp37-abi3-macosx_10_12_x86_64.macosx_11_0_arm64.macosx_10_12_universal2.whl", hash = "sha256:7df88e59aea016644c0b2eac84f2f931d5aa570c654132770263b26f2928fdb7", size = 27152347 },
    { url = "https://files.pythonhosted.org/packages/b2/c1/291ae85720ad0d4ff0a34076ea7c44a6ece552f7b8257781e06f9851d9fe/solders-0.21.0-cp37-abi3-manylinux_2_17_armv7l.manylinux2014_armv7l.whl", hash = "sha256:a11dfc5933707c466880ef2116f1bffc74659bf677b79479f4280247d60543c9", size = 8103586 },
    { url = "https://files.pythonhosted.org/packages/b8/b2/af654348941ed5670ab20aa6d642caec3053cc29bf929a63d2f785e624e7/solders-0.21.0-cp37-abi3-manylinux_2_17_x86_64.manylinux2014_x86_64.whl", hash = "sha256:33a28fedff80defd01455844700e3b9924c06a87d7ca93aff0a9298a9eb902ac", size = 17260197 },
    { url = "https://files.pythonhosted.org/packages/72/0a/895638da97e15a54845252ecfda6ed47f7fb221b078ef44a240e88431005/solders-0.21.0-cp37-abi3-manylinux_2_28_aarch64.whl", hash = "sha256:3ac70badd0da7e0d87db1c9c2edac63e48470903fd5f28e2fd6b22c7624ef52f", size = 8341269 },
    { url = "https://files.pythonhosted.org/packages/9e/23/cab1a1e1e4397d7d947c3c649901664cfef4c1ee4a0efccbcb0e8a74ad33/solders-0.21.0-cp37-abi3-manylinux_2_5_i686.manylinux1_i686.whl", hash = "sha256:ac79feca36470945ac026433828d4105a4b3bada5422ea77b1083c0e8fe93872", size = 9487737 },
    { url = "https://files.pythonhosted.org/packages/b4/00/9153205ab01afd829d8f30c25090974f7b7c7b56f4b7725393e58de08d86/solders-0.21.0-cp37-abi3-musllinux_1_2_i686.whl", hash = "sha256:6993e2e1709aa04b94267597dc31e29ae5625cde3d65fdf452c6366c6c7f41cd", size = 9326672 },
    { url = "https://files.pythonhosted.org/packages/28/66/e788d1edae8472ba5d0fc9833d03611ee25227212f1719089078b38d1b80/solders-0.21.0-cp37-abi3-musllinux_1_2_x86_64.whl", hash = "sha256:9521974ffa8b0fc8a4aa3b65f9057392c214a814c10af4f8cd2ad1d3f943ae61", size = 17441129 },
    { url = "https://files.pythonhosted.org/packages/3d/37/4926284e5d463edf3fe826c87f93016fc68f27c763f57f47b77b97127e9e/solders-0.21.0-cp37-abi3-win_amd64.whl", hash = "sha256:7258b0faa97ab3dc2e1951082af63f2971f178519540f7abac43ec2385d84b7f", size = 5294808 },
]

[[package]]
name = "tqdm"
version = "4.66.6"
source = { registry = "https://pypi.org/simple" }
dependencies = [
    { name = "colorama", marker = "platform_system == 'Windows'" },
]
sdist = { url = "https://files.pythonhosted.org/packages/e9/34/bef135b27fe1864993a5284ad001157ee9b5538e859ac90f5b0e8cc8c9ec/tqdm-4.66.6.tar.gz", hash = "sha256:4bdd694238bef1485ce839d67967ab50af8f9272aab687c0d7702a01da0be090", size = 169533 }
wheels = [
    { url = "https://files.pythonhosted.org/packages/41/73/02342de9c2d20922115f787e101527b831c0cffd2105c946c4a4826bcfd4/tqdm-4.66.6-py3-none-any.whl", hash = "sha256:223e8b5359c2efc4b30555531f09e9f2f3589bcd7fdd389271191031b49b7a63", size = 78326 },
]

[[package]]
name = "typing-extensions"
version = "4.12.2"
source = { registry = "https://pypi.org/simple" }
sdist = { url = "https://files.pythonhosted.org/packages/df/db/f35a00659bc03fec321ba8bce9420de607a1d37f8342eee1863174c69557/typing_extensions-4.12.2.tar.gz", hash = "sha256:1a7ead55c7e559dd4dee8856e3a88b41225abfe1ce8df57b7c13915fe121ffb8", size = 85321 }
wheels = [
    { url = "https://files.pythonhosted.org/packages/26/9f/ad63fc0248c5379346306f8668cda6e2e2e9c95e01216d2b8ffd9ff037d0/typing_extensions-4.12.2-py3-none-any.whl", hash = "sha256:04e5ca0351e0f3f85c6853954072df659d0d13fac324d0072316b67d7794700d", size = 37438 },
]

[[package]]
name = "websockets"
version = "11.0.3"
source = { registry = "https://pypi.org/simple" }
sdist = { url = "https://files.pythonhosted.org/packages/d8/3b/2ed38e52eed4cf277f9df5f0463a99199a04d9e29c9e227cfafa57bd3993/websockets-11.0.3.tar.gz", hash = "sha256:88fc51d9a26b10fc331be344f1781224a375b78488fc343620184e95a4b27016", size = 104235 }
wheels = [
    { url = "https://files.pythonhosted.org/packages/47/96/9d5749106ff57629b54360664ae7eb9afd8302fad1680ead385383e33746/websockets-11.0.3-py3-none-any.whl", hash = "sha256:6681ba9e7f8f3b19440921e99efbb40fc89f26cd71bf539e45d8c8a25c976dc6", size = 118056 },
]
